
Microsoft Visual Studio Solution File, Format Version 12.00
# Visual Studio 15
VisualStudioVersion = 15.0.34729.27
MinimumVisualStudioVersion = 10.0.40219.1
Project("{FAE04EC0-301F-11D3-BF4B-00C04F79EFBC}") = "TestRoshanTailor", "TestRoshanTailor\TestRoshanTailor.csproj", "{28AEBF45-8AF1-49D4-94AC-9A80A79A7A4B}"
EndProject
Global
	GlobalSection(SolutionConfigurationPlatforms) = preSolution
		Debug|Any CPU = Debug|Any CPU
		Release|Any CPU = Release|Any CPU
	EndGlobalSection
	GlobalSection(ProjectConfigurationPlatforms) = postSolution
		{28AEBF45-8AF1-49D4-94AC-9A80A79A7A4B}.Debug|Any CPU.ActiveCfg = Debug|Any CPU
		{28AEBF45-8AF1-49D4-94AC-9A80A79A7A4B}.Debug|Any CPU.Build.0 = Debug|Any CPU
		{28AEBF45-8AF1-49D4-94AC-9A80A79A7A4B}.Release|Any CPU.ActiveCfg = Release|Any CPU
		{28AEBF45-8AF1-49D4-94AC-9A80A79A7A4B}.Release|Any CPU.Build.0 = Release|Any CPU
	EndGlobalSection
	GlobalSection(SolutionProperties) = preSolution
		HideSolutionNode = FALSE
	EndGlobalSection
	GlobalSection(ExtensibilityGlobals) = postSolution
		SolutionGuid = {46E1DD1B-E3EB-48D3-960B-E01843103899}
	EndGlobalSection
EndGlobal
